// !$*UTF8*$!
{
	archiveVersion = 1;
	classes = {
	};
	objectVersion = 77;
	objects = {

/* Begin PBXBuildFile section */
		0786901B75F74BA2B07170A8 /* Pods_OrenoJikokuhyoTests.framework in Frameworks */ = {isa = PBXBuildFile; fileRef = FA9D25B88943B13EBB92138E /* Pods_OrenoJikokuhyoTests.framework */; };
		081944D3AF78C67C5F35C985 /* Pods_OrenoJikokuhyo_OrenoJikokuhyoUITests.framework in Frameworks */ = {isa = PBXBuildFile; fileRef = A09F9019302799A4B3684CE4 /* Pods_OrenoJikokuhyo_OrenoJikokuhyoUITests.framework */; };
		CE87413E79EA8B876A558C8E /* Pods_OrenoJikokuhyo.framework in Frameworks */ = {isa = PBXBuildFile; fileRef = 7A9A68AF8640D78F5A28A2A1 /* Pods_OrenoJikokuhyo.framework */; };
/* End PBXBuildFile section */

/* Begin PBXContainerItemProxy section */
		1B4F93E72E62BFE000486231 /* PBXContainerItemProxy */ = {
			isa = PBXContainerItemProxy;
			containerPortal = 1B4F93C82E62BFDF00486231 /* Project object */;
			proxyType = 1;
			remoteGlobalIDString = 1B4F93CF2E62BFDF00486231;
			remoteInfo = OrenoJikokuhyo;
		};
		1B4F93F12E62BFE000486231 /* PBXContainerItemProxy */ = {
			isa = PBXContainerItemProxy;
			containerPortal = 1B4F93C82E62BFDF00486231 /* Project object */;
			proxyType = 1;
			remoteGlobalIDString = 1B4F93CF2E62BFDF00486231;
			remoteInfo = OrenoJikokuhyo;
		};
/* End PBXContainerItemProxy section */

/* Begin PBXFileReference section */
		0E88FB9F392EF7DDBA959D41 /* Pods-OrenoJikokuhyo-OrenoJikokuhyoUITests.debug.xcconfig */ = {isa = PBXFileReference; includeInIndex = 1; lastKnownFileType = text.xcconfig; name = "Pods-OrenoJikokuhyo-OrenoJikokuhyoUITests.debug.xcconfig"; path = "Target Support Files/Pods-OrenoJikokuhyo-OrenoJikokuhyoUITests/Pods-OrenoJikokuhyo-OrenoJikokuhyoUITests.debug.xcconfig"; sourceTree = "<group>"; };
		1336BE6797A98868B03A9E42 /* Pods-OrenoJikokuhyo.release.xcconfig */ = {isa = PBXFileReference; includeInIndex = 1; lastKnownFileType = text.xcconfig; name = "Pods-OrenoJikokuhyo.release.xcconfig"; path = "Target Support Files/Pods-OrenoJikokuhyo/Pods-OrenoJikokuhyo.release.xcconfig"; sourceTree = "<group>"; };
		1B4F93D02E62BFDF00486231 /* OrenoJikokuhyo.app */ = {isa = PBXFileReference; explicitFileType = wrapper.application; includeInIndex = 0; path = OrenoJikokuhyo.app; sourceTree = BUILT_PRODUCTS_DIR; };
		1B4F93E62E62BFE000486231 /* OrenoJikokuhyoTests.xctest */ = {isa = PBXFileReference; explicitFileType = wrapper.cfbundle; includeInIndex = 0; path = OrenoJikokuhyoTests.xctest; sourceTree = BUILT_PRODUCTS_DIR; };
		1B4F93F02E62BFE000486231 /* OrenoJikokuhyoUITests.xctest */ = {isa = PBXFileReference; explicitFileType = wrapper.cfbundle; includeInIndex = 0; path = OrenoJikokuhyoUITests.xctest; sourceTree = BUILT_PRODUCTS_DIR; };
		58476A493796D0B49C257C76 /* Pods-OrenoJikokuhyoTests.release.xcconfig */ = {isa = PBXFileReference; includeInIndex = 1; lastKnownFileType = text.xcconfig; name = "Pods-OrenoJikokuhyoTests.release.xcconfig"; path = "Target Support Files/Pods-OrenoJikokuhyoTests/Pods-OrenoJikokuhyoTests.release.xcconfig"; sourceTree = "<group>"; };
		7A9A68AF8640D78F5A28A2A1 /* Pods_OrenoJikokuhyo.framework */ = {isa = PBXFileReference; explicitFileType = wrapper.framework; includeInIndex = 0; path = Pods_OrenoJikokuhyo.framework; sourceTree = BUILT_PRODUCTS_DIR; };
		A09F9019302799A4B3684CE4 /* Pods_OrenoJikokuhyo_OrenoJikokuhyoUITests.framework */ = {isa = PBXFileReference; explicitFileType = wrapper.framework; includeInIndex = 0; path = Pods_OrenoJikokuhyo_OrenoJikokuhyoUITests.framework; sourceTree = BUILT_PRODUCTS_DIR; };
		DC20301941497CB682C39B09 /* Pods-OrenoJikokuhyo.debug.xcconfig */ = {isa = PBXFileReference; includeInIndex = 1; lastKnownFileType = text.xcconfig; name = "Pods-OrenoJikokuhyo.debug.xcconfig"; path = "Target Support Files/Pods-OrenoJikokuhyo/Pods-OrenoJikokuhyo.debug.xcconfig"; sourceTree = "<group>"; };
		E2667E0F68026224BBF3473A /* Pods-OrenoJikokuhyoTests.debug.xcconfig */ = {isa = PBXFileReference; includeInIndex = 1; lastKnownFileType = text.xcconfig; name = "Pods-OrenoJikokuhyoTests.debug.xcconfig"; path = "Target Support Files/Pods-OrenoJikokuhyoTests/Pods-OrenoJikokuhyoTests.debug.xcconfig"; sourceTree = "<group>"; };
		EA7E5AF3B46E7A1BE480D818 /* Pods-OrenoJikokuhyo-OrenoJikokuhyoUITests.release.xcconfig */ = {isa = PBXFileReference; includeInIndex = 1; lastKnownFileType = text.xcconfig; name = "Pods-OrenoJikokuhyo-OrenoJikokuhyoUITests.release.xcconfig"; path = "Target Support Files/Pods-OrenoJikokuhyo-OrenoJikokuhyoUITests/Pods-OrenoJikokuhyo-OrenoJikokuhyoUITests.release.xcconfig"; sourceTree = "<group>"; };
		FA9D25B88943B13EBB92138E /* Pods_OrenoJikokuhyoTests.framework */ = {isa = PBXFileReference; explicitFileType = wrapper.framework; includeInIndex = 0; path = Pods_OrenoJikokuhyoTests.framework; sourceTree = BUILT_PRODUCTS_DIR; };
/* End PBXFileReference section */

/* Begin PBXFileSystemSynchronizedBuildFileExceptionSet section */
		1B4F93F82E62BFE000486231 /* Exceptions for "OrenoJikokuhyo" folder in "OrenoJikokuhyo" target */ = {
			isa = PBXFileSystemSynchronizedBuildFileExceptionSet;
			membershipExceptions = (
				Info.plist,
			);
			target = 1B4F93CF2E62BFDF00486231 /* OrenoJikokuhyo */;
		};
/* End PBXFileSystemSynchronizedBuildFileExceptionSet section */

/* Begin PBXFileSystemSynchronizedRootGroup section */
		1B4F93D22E62BFDF00486231 /* OrenoJikokuhyo */ = {
			isa = PBXFileSystemSynchronizedRootGroup;
			exceptions = (
				1B4F93F82E62BFE000486231 /* Exceptions for "OrenoJikokuhyo" folder in "OrenoJikokuhyo" target */,
			);
			path = OrenoJikokuhyo;
			sourceTree = "<group>";
		};
		1B4F93E92E62BFE000486231 /* OrenoJikokuhyoTests */ = {
			isa = PBXFileSystemSynchronizedRootGroup;
			path = OrenoJikokuhyoTests;
			sourceTree = "<group>";
		};
		1B4F93F32E62BFE000486231 /* OrenoJikokuhyoUITests */ = {
			isa = PBXFileSystemSynchronizedRootGroup;
			path = OrenoJikokuhyoUITests;
			sourceTree = "<group>";
		};
/* End PBXFileSystemSynchronizedRootGroup section */

/* Begin PBXFrameworksBuildPhase section */
		1B4F93CD2E62BFDF00486231 /* Frameworks */ = {
			isa = PBXFrameworksBuildPhase;
			buildActionMask = 2147483647;
			files = (
				CE87413E79EA8B876A558C8E /* Pods_OrenoJikokuhyo.framework in Frameworks */,
			);
			runOnlyForDeploymentPostprocessing = 0;
		};
		1B4F93E32E62BFE000486231 /* Frameworks */ = {
			isa = PBXFrameworksBuildPhase;
			buildActionMask = 2147483647;
			files = (
				0786901B75F74BA2B07170A8 /* Pods_OrenoJikokuhyoTests.framework in Frameworks */,
			);
			runOnlyForDeploymentPostprocessing = 0;
		};
		1B4F93ED2E62BFE000486231 /* Frameworks */ = {
			isa = PBXFrameworksBuildPhase;
			buildActionMask = 2147483647;
			files = (
				081944D3AF78C67C5F35C985 /* Pods_OrenoJikokuhyo_OrenoJikokuhyoUITests.framework in Frameworks */,
			);
			runOnlyForDeploymentPostprocessing = 0;
		};
/* End PBXFrameworksBuildPhase section */

/* Begin PBXGroup section */
		0D074E31110C257C7075BB98 /* Pods */ = {
			isa = PBXGroup;
			children = (
				DC20301941497CB682C39B09 /* Pods-OrenoJikokuhyo.debug.xcconfig */,
				1336BE6797A98868B03A9E42 /* Pods-OrenoJikokuhyo.release.xcconfig */,
				0E88FB9F392EF7DDBA959D41 /* Pods-OrenoJikokuhyo-OrenoJikokuhyoUITests.debug.xcconfig */,
				EA7E5AF3B46E7A1BE480D818 /* Pods-OrenoJikokuhyo-OrenoJikokuhyoUITests.release.xcconfig */,
				E2667E0F68026224BBF3473A /* Pods-OrenoJikokuhyoTests.debug.xcconfig */,
				58476A493796D0B49C257C76 /* Pods-OrenoJikokuhyoTests.release.xcconfig */,
			);
			path = Pods;
			sourceTree = "<group>";
		};
		1B4F93C72E62BFDF00486231 = {
			isa = PBXGroup;
			children = (
				1B4F93D22E62BFDF00486231 /* OrenoJikokuhyo */,
				1B4F93E92E62BFE000486231 /* OrenoJikokuhyoTests */,
				1B4F93F32E62BFE000486231 /* OrenoJikokuhyoUITests */,
				1B4F93D12E62BFDF00486231 /* Products */,
				0D074E31110C257C7075BB98 /* Pods */,
				48040AAA9BD7C2BF86323BD8 /* Frameworks */,
			);
			sourceTree = "<group>";
		};
		1B4F93D12E62BFDF00486231 /* Products */ = {
			isa = PBXGroup;
			children = (
				1B4F93D02E62BFDF00486231 /* OrenoJikokuhyo.app */,
				1B4F93E62E62BFE000486231 /* OrenoJikokuhyoTests.xctest */,
				1B4F93F02E62BFE000486231 /* OrenoJikokuhyoUITests.xctest */,
			);
			name = Products;
			sourceTree = "<group>";
		};
		48040AAA9BD7C2BF86323BD8 /* Frameworks */ = {
			isa = PBXGroup;
			children = (
				7A9A68AF8640D78F5A28A2A1 /* Pods_OrenoJikokuhyo.framework */,
				A09F9019302799A4B3684CE4 /* Pods_OrenoJikokuhyo_OrenoJikokuhyoUITests.framework */,
				FA9D25B88943B13EBB92138E /* Pods_OrenoJikokuhyoTests.framework */,
			);
			name = Frameworks;
			sourceTree = "<group>";
		};
/* End PBXGroup section */

/* Begin PBXNativeTarget section */
		1B4F93CF2E62BFDF00486231 /* OrenoJikokuhyo */ = {
			isa = PBXNativeTarget;
			buildConfigurationList = 1B4F93F92E62BFE000486231 /* Build configuration list for PBXNativeTarget "OrenoJikokuhyo" */;
			buildPhases = (
				0CBFF628BAABE30C50829759 /* [CP] Check Pods Manifest.lock */,
				1B4F93CC2E62BFDF00486231 /* Sources */,
				1B4F93CD2E62BFDF00486231 /* Frameworks */,
				1B4F93CE2E62BFDF00486231 /* Resources */,
				5FCF95215486225C4B736545 /* [CP] Copy Pods Resources */,
			);
			buildRules = (
			);
			dependencies = (
			);
			fileSystemSynchronizedGroups = (
				1B4F93D22E62BFDF00486231 /* OrenoJikokuhyo */,
			);
			name = OrenoJikokuhyo;
			productName = OrenoJikokuhyo;
			productReference = 1B4F93D02E62BFDF00486231 /* OrenoJikokuhyo.app */;
			productType = "com.apple.product-type.application";
		};
		1B4F93E52E62BFE000486231 /* OrenoJikokuhyoTests */ = {
			isa = PBXNativeTarget;
			buildConfigurationList = 1B4F93FE2E62BFE000486231 /* Build configuration list for PBXNativeTarget "OrenoJikokuhyoTests" */;
			buildPhases = (
				0EF40E7EDDD485D9CBE17346 /* [CP] Check Pods Manifest.lock */,
				1B4F93E22E62BFE000486231 /* Sources */,
				1B4F93E32E62BFE000486231 /* Frameworks */,
				1B4F93E42E62BFE000486231 /* Resources */,
			);
			buildRules = (
			);
			dependencies = (
				1B4F93E82E62BFE000486231 /* PBXTargetDependency */,
			);
			fileSystemSynchronizedGroups = (
				1B4F93E92E62BFE000486231 /* OrenoJikokuhyoTests */,
			);
			name = OrenoJikokuhyoTests;
			productName = OrenoJikokuhyoTests;
			productReference = 1B4F93E62E62BFE000486231 /* OrenoJikokuhyoTests.xctest */;
			productType = "com.apple.product-type.bundle.unit-test";
		};
		1B4F93EF2E62BFE000486231 /* OrenoJikokuhyoUITests */ = {
			isa = PBXNativeTarget;
			buildConfigurationList = 1B4F94012E62BFE000486231 /* Build configuration list for PBXNativeTarget "OrenoJikokuhyoUITests" */;
			buildPhases = (
				24374C5DA6D20F528EDFEA40 /* [CP] Check Pods Manifest.lock */,
				1B4F93EC2E62BFE000486231 /* Sources */,
				1B4F93ED2E62BFE000486231 /* Frameworks */,
				1B4F93EE2E62BFE000486231 /* Resources */,
				C3F4542C8ECF0B0D1C291948 /* [CP] Copy Pods Resources */,
			);
			buildRules = (
			);
			dependencies = (
				1B4F93F22E62BFE000486231 /* PBXTargetDependency */,
			);
			fileSystemSynchronizedGroups = (
				1B4F93F32E62BFE000486231 /* OrenoJikokuhyoUITests */,
			);
			name = OrenoJikokuhyoUITests;
			productName = OrenoJikokuhyoUITests;
			productReference = 1B4F93F02E62BFE000486231 /* OrenoJikokuhyoUITests.xctest */;
			productType = "com.apple.product-type.bundle.ui-testing";
		};
/* End PBXNativeTarget section */

/* Begin PBXProject section */
		1B4F93C82E62BFDF00486231 /* Project object */ = {
			isa = PBXProject;
			attributes = {
				BuildIndependentTargetsInParallel = 1;
				LastSwiftUpdateCheck = 1620;
				LastUpgradeCheck = 1620;
				TargetAttributes = {
					1B4F93CF2E62BFDF00486231 = {
						CreatedOnToolsVersion = 16.2;
					};
					1B4F93E52E62BFE000486231 = {
						CreatedOnToolsVersion = 16.2;
						TestTargetID = 1B4F93CF2E62BFDF00486231;
					};
					1B4F93EF2E62BFE000486231 = {
						CreatedOnToolsVersion = 16.2;
						TestTargetID = 1B4F93CF2E62BFDF00486231;
					};
				};
			};
			buildConfigurationList = 1B4F93CB2E62BFDF00486231 /* Build configuration list for PBXProject "OrenoJikokuhyo" */;
			developmentRegion = en;
			hasScannedForEncodings = 0;
			knownRegions = (
				en,
				Base,
			);
			mainGroup = 1B4F93C72E62BFDF00486231;
			minimizedProjectReferenceProxies = 1;
			preferredProjectObjectVersion = 77;
			productRefGroup = 1B4F93D12E62BFDF00486231 /* Products */;
			projectDirPath = "";
			projectRoot = "";
			targets = (
				1B4F93CF2E62BFDF00486231 /* OrenoJikokuhyo */,
				1B4F93E52E62BFE000486231 /* OrenoJikokuhyoTests */,
				1B4F93EF2E62BFE000486231 /* OrenoJikokuhyoUITests */,
			);
		};
/* End PBXProject section */

/* Begin PBXResourcesBuildPhase section */
		1B4F93CE2E62BFDF00486231 /* Resources */ = {
			isa = PBXResourcesBuildPhase;
			buildActionMask = 2147483647;
			files = (
			);
			runOnlyForDeploymentPostprocessing = 0;
		};
		1B4F93E42E62BFE000486231 /* Resources */ = {
			isa = PBXResourcesBuildPhase;
			buildActionMask = 2147483647;
			files = (
			);
			runOnlyForDeploymentPostprocessing = 0;
		};
		1B4F93EE2E62BFE000486231 /* Resources */ = {
			isa = PBXResourcesBuildPhase;
			buildActionMask = 2147483647;
			files = (
			);
			runOnlyForDeploymentPostprocessing = 0;
		};
/* End PBXResourcesBuildPhase section */

/* Begin PBXShellScriptBuildPhase section */
		0CBFF628BAABE30C50829759 /* [CP] Check Pods Manifest.lock */ = {
			isa = PBXShellScriptBuildPhase;
			buildActionMask = 2147483647;
			files = (
			);
			inputFileListPaths = (
			);
			inputPaths = (
				"${PODS_PODFILE_DIR_PATH}/Podfile.lock",
				"${PODS_ROOT}/Manifest.lock",
			);
			name = "[CP] Check Pods Manifest.lock";
			outputFileListPaths = (
			);
			outputPaths = (
				"$(DERIVED_FILE_DIR)/Pods-OrenoJikokuhyo-checkManifestLockResult.txt",
			);
			runOnlyForDeploymentPostprocessing = 0;
			shellPath = /bin/sh;
			shellScript = "diff \"${PODS_PODFILE_DIR_PATH}/Podfile.lock\" \"${PODS_ROOT}/Manifest.lock\" > /dev/null\nif [ $? != 0 ] ; then\n    # print error to STDERR\n    echo \"error: The sandbox is not in sync with the Podfile.lock. Run 'pod install' or update your CocoaPods installation.\" >&2\n    exit 1\nfi\n# This output is used by Xcode 'outputs' to avoid re-running this script phase.\necho \"SUCCESS\" > \"${SCRIPT_OUTPUT_FILE_0}\"\n";
			showEnvVarsInLog = 0;
		};
		0EF40E7EDDD485D9CBE17346 /* [CP] Check Pods Manifest.lock */ = {
			isa = PBXShellScriptBuildPhase;
			buildActionMask = 2147483647;
			files = (
			);
			inputFileListPaths = (
			);
			inputPaths = (
				"${PODS_PODFILE_DIR_PATH}/Podfile.lock",
				"${PODS_ROOT}/Manifest.lock",
			);
			name = "[CP] Check Pods Manifest.lock";
			outputFileListPaths = (
			);
			outputPaths = (
				"$(DERIVED_FILE_DIR)/Pods-OrenoJikokuhyoTests-checkManifestLockResult.txt",
			);
			runOnlyForDeploymentPostprocessing = 0;
			shellPath = /bin/sh;
			shellScript = "diff \"${PODS_PODFILE_DIR_PATH}/Podfile.lock\" \"${PODS_ROOT}/Manifest.lock\" > /dev/null\nif [ $? != 0 ] ; then\n    # print error to STDERR\n    echo \"error: The sandbox is not in sync with the Podfile.lock. Run 'pod install' or update your CocoaPods installation.\" >&2\n    exit 1\nfi\n# This output is used by Xcode 'outputs' to avoid re-running this script phase.\necho \"SUCCESS\" > \"${SCRIPT_OUTPUT_FILE_0}\"\n";
			showEnvVarsInLog = 0;
		};
		24374C5DA6D20F528EDFEA40 /* [CP] Check Pods Manifest.lock */ = {
			isa = PBXShellScriptBuildPhase;
			buildActionMask = 2147483647;
			files = (
			);
			inputFileListPaths = (
			);
			inputPaths = (
				"${PODS_PODFILE_DIR_PATH}/Podfile.lock",
				"${PODS_ROOT}/Manifest.lock",
			);
			name = "[CP] Check Pods Manifest.lock";
			outputFileListPaths = (
			);
			outputPaths = (
				"$(DERIVED_FILE_DIR)/Pods-OrenoJikokuhyo-OrenoJikokuhyoUITests-checkManifestLockResult.txt",
			);
			runOnlyForDeploymentPostprocessing = 0;
			shellPath = /bin/sh;
			shellScript = "diff \"${PODS_PODFILE_DIR_PATH}/Podfile.lock\" \"${PODS_ROOT}/Manifest.lock\" > /dev/null\nif [ $? != 0 ] ; then\n    # print error to STDERR\n    echo \"error: The sandbox is not in sync with the Podfile.lock. Run 'pod install' or update your CocoaPods installation.\" >&2\n    exit 1\nfi\n# This output is used by Xcode 'outputs' to avoid re-running this script phase.\necho \"SUCCESS\" > \"${SCRIPT_OUTPUT_FILE_0}\"\n";
			showEnvVarsInLog = 0;
		};
		5FCF95215486225C4B736545 /* [CP] Copy Pods Resources */ = {
			isa = PBXShellScriptBuildPhase;
			buildActionMask = 2147483647;
			files = (
			);
			inputFileListPaths = (
				"${PODS_ROOT}/Target Support Files/Pods-OrenoJikokuhyo/Pods-OrenoJikokuhyo-resources-${CONFIGURATION}-input-files.xcfilelist",
			);
			name = "[CP] Copy Pods Resources";
			outputFileListPaths = (
				"${PODS_ROOT}/Target Support Files/Pods-OrenoJikokuhyo/Pods-OrenoJikokuhyo-resources-${CONFIGURATION}-output-files.xcfilelist",
			);
			runOnlyForDeploymentPostprocessing = 0;
			shellPath = /bin/sh;
			shellScript = "\"${PODS_ROOT}/Target Support Files/Pods-OrenoJikokuhyo/Pods-OrenoJikokuhyo-resources.sh\"\n";
			showEnvVarsInLog = 0;
		};
		C3F4542C8ECF0B0D1C291948 /* [CP] Copy Pods Resources */ = {
			isa = PBXShellScriptBuildPhase;
			buildActionMask = 2147483647;
			files = (
			);
			inputFileListPaths = (
				"${PODS_ROOT}/Target Support Files/Pods-OrenoJikokuhyo-OrenoJikokuhyoUITests/Pods-OrenoJikokuhyo-OrenoJikokuhyoUITests-resources-${CONFIGURATION}-input-files.xcfilelist",
			);
			name = "[CP] Copy Pods Resources";
			outputFileListPaths = (
				"${PODS_ROOT}/Target Support Files/Pods-OrenoJikokuhyo-OrenoJikokuhyoUITests/Pods-OrenoJikokuhyo-OrenoJikokuhyoUITests-resources-${CONFIGURATION}-output-files.xcfilelist",
			);
			runOnlyForDeploymentPostprocessing = 0;
			shellPath = /bin/sh;
			shellScript = "\"${PODS_ROOT}/Target Support Files/Pods-OrenoJikokuhyo-OrenoJikokuhyoUITests/Pods-OrenoJikokuhyo-OrenoJikokuhyoUITests-resources.sh\"\n";
			showEnvVarsInLog = 0;
		};
/* End PBXShellScriptBuildPhase section */

/* Begin PBXSourcesBuildPhase section */
		1B4F93CC2E62BFDF00486231 /* Sources */ = {
			isa = PBXSourcesBuildPhase;
			buildActionMask = 2147483647;
			files = (
			);
			runOnlyForDeploymentPostprocessing = 0;
		};
		1B4F93E22E62BFE000486231 /* Sources */ = {
			isa = PBXSourcesBuildPhase;
			buildActionMask = 2147483647;
			files = (
			);
			runOnlyForDeploymentPostprocessing = 0;
		};
		1B4F93EC2E62BFE000486231 /* Sources */ = {
			isa = PBXSourcesBuildPhase;
			buildActionMask = 2147483647;
			files = (
			);
			runOnlyForDeploymentPostprocessing = 0;
		};
/* End PBXSourcesBuildPhase section */

/* Begin PBXTargetDependency section */
		1B4F93E82E62BFE000486231 /* PBXTargetDependency */ = {
			isa = PBXTargetDependency;
			target = 1B4F93CF2E62BFDF00486231 /* OrenoJikokuhyo */;
			targetProxy = 1B4F93E72E62BFE000486231 /* PBXContainerItemProxy */;
		};
		1B4F93F22E62BFE000486231 /* PBXTargetDependency */ = {
			isa = PBXTargetDependency;
			target = 1B4F93CF2E62BFDF00486231 /* OrenoJikokuhyo */;
			targetProxy = 1B4F93F12E62BFE000486231 /* PBXContainerItemProxy */;
		};
/* End PBXTargetDependency section */

/* Begin XCBuildConfiguration section */
		1B4F93FA2E62BFE000486231 /* Debug */ = {
			isa = XCBuildConfiguration;
			baseConfigurationReference = DC20301941497CB682C39B09 /* Pods-OrenoJikokuhyo.debug.xcconfig */;
			buildSettings = {
				ASSETCATALOG_COMPILER_APPICON_NAME = AppIcon;
				ASSETCATALOG_COMPILER_GLOBAL_ACCENT_COLOR_NAME = AccentColor;
				CODE_SIGN_STYLE = Automatic;
				CURRENT_PROJECT_VERSION = 1;
				DEVELOPMENT_TEAM = 37XZGYD5RN;
				GENERATE_INFOPLIST_FILE = YES;
				INFOPLIST_FILE = OrenoJikokuhyo/Info.plist;
				INFOPLIST_KEY_CFBundleDisplayName = "俺の時刻表";
				INFOPLIST_KEY_UIApplicationSupportsIndirectInputEvents = YES;
				INFOPLIST_KEY_UILaunchStoryboardName = LaunchScreen;
				INFOPLIST_KEY_UIMainStoryboardFile = Main;
				INFOPLIST_KEY_UISupportedInterfaceOrientations_iPad = "UIInterfaceOrientationPortrait UIInterfaceOrientationPortraitUpsideDown UIInterfaceOrientationLandscapeLeft UIInterfaceOrientationLandscapeRight";
				INFOPLIST_KEY_UISupportedInterfaceOrientations_iPhone = "UIInterfaceOrientationPortrait UIInterfaceOrientationLandscapeLeft UIInterfaceOrientationLandscapeRight";
				LD_RUNPATH_SEARCH_PATHS = (
					"$(inherited)",
					"@executable_path/Frameworks",
				);
				MARKETING_VERSION = 1.0;
				PRODUCT_BUNDLE_IDENTIFIER = jp.techacademy.ynagaro.OrenoJikokuhyo;
				PRODUCT_NAME = "$(TARGET_NAME)";
				SUPPORTED_PLATFORMS = "iphoneos iphonesimulator";
				SUPPORTS_MACCATALYST = NO;
				SUPPORTS_MAC_DESIGNED_FOR_IPHONE_IPAD = NO;
				SUPPORTS_XR_DESIGNED_FOR_IPHONE_IPAD = NO;
				SWIFT_EMIT_LOC_STRINGS = YES;
				SWIFT_VERSION = 5.0;
				TARGETED_DEVICE_FAMILY = 1;
			};
			name = Debug;
		};
		1B4F93FB2E62BFE000486231 /* Release */ = {
			isa = XCBuildConfiguration;
			baseConfigurationReference = 1336BE6797A98868B03A9E42 /* Pods-OrenoJikokuhyo.release.xcconfig */;
			buildSettings = {
				ASSETCATALOG_COMPILER_APPICON_NAME = AppIcon;
				ASSETCATALOG_COMPILER_GLOBAL_ACCENT_COLOR_NAME = AccentColor;
				CODE_SIGN_STYLE = Automatic;
				CURRENT_PROJECT_VERSION = 1;
				DEVELOPMENT_TEAM = 37XZGYD5RN;
				GENERATE_INFOPLIST_FILE = YES;
				INFOPLIST_FILE = OrenoJikokuhyo/Info.plist;
				INFOPLIST_KEY_CFBundleDisplayName = "俺の時刻表";
				INFOPLIST_KEY_UIApplicationSupportsIndirectInputEvents = YES;
				INFOPLIST_KEY_UILaunchStoryboardName = LaunchScreen;
				INFOPLIST_KEY_UIMainStoryboardFile = Main;
				INFOPLIST_KEY_UISupportedInterfaceOrientations_iPad = "UIInterfaceOrientationPortrait UIInterfaceOrientationPortraitUpsideDown UIInterfaceOrientationLandscapeLeft UIInterfaceOrientationLandscapeRight";
				INFOPLIST_KEY_UISupportedInterfaceOrientations_iPhone = "UIInterfaceOrientationPortrait UIInterfaceOrientationLandscapeLeft UIInterfaceOrientationLandscapeRight";
				LD_RUNPATH_SEARCH_PATHS = (
					"$(inherited)",
					"@executable_path/Frameworks",
				);
				MARKETING_VERSION = 1.0;
				PRODUCT_BUNDLE_IDENTIFIER = jp.techacademy.ynagaro.OrenoJikokuhyo;
				PRODUCT_NAME = "$(TARGET_NAME)";
				SUPPORTED_PLATFORMS = "iphoneos iphonesimulator";
				SUPPORTS_MACCATALYST = NO;
				SUPPORTS_MAC_DESIGNED_FOR_IPHONE_IPAD = NO;
				SUPPORTS_XR_DESIGNED_FOR_IPHONE_IPAD = NO;
				SWIFT_EMIT_LOC_STRINGS = YES;
				SWIFT_VERSION = 5.0;
				TARGETED_DEVICE_FAMILY = 1;
			};
			name = Release;
		};
		1B4F93FC2E62BFE000486231 /* Debug */ = {
			isa = XCBuildConfiguration;
			buildSettings = {
				ALWAYS_SEARCH_USER_PATHS = NO;
				ASSETCATALOG_COMPILER_GENERATE_SWIFT_ASSET_SYMBOL_EXTENSIONS = YES;
				CLANG_ANALYZER_NONNULL = YES;
				CLANG_ANALYZER_NUMBER_OBJECT_CONVERSION = YES_AGGRESSIVE;
				CLANG_CXX_LANGUAGE_STANDARD = "gnu++20";
				CLANG_ENABLE_MODULES = YES;
				CLANG_ENABLE_OBJC_ARC = YES;
				CLANG_ENABLE_OBJC_WEAK = YES;
				CLANG_WARN_BLOCK_CAPTURE_AUTORELEASING = YES;
				CLANG_WARN_BOOL_CONVERSION = YES;
				CLANG_WARN_COMMA = YES;
				CLANG_WARN_CONSTANT_CONVERSION = YES;
				CLANG_WARN_DEPRECATED_OBJC_IMPLEMENTATIONS = YES;
				CLANG_WARN_DIRECT_OBJC_ISA_USAGE = YES_ERROR;
				CLANG_WARN_DOCUMENTATION_COMMENTS = YES;
				CLANG_WARN_EMPTY_BODY = YES;
				CLANG_WARN_ENUM_CONVERSION = YES;
				CLANG_WARN_INFINITE_RECURSION = YES;
				CLANG_WARN_INT_CONVERSION = YES;
				CLANG_WARN_NON_LITERAL_NULL_CONVERSION = YES;
				CLANG_WARN_OBJC_IMPLICIT_RETAIN_SELF = YES;
				CLANG_WARN_OBJC_LITERAL_CONVERSION = YES;
				CLANG_WARN_OBJC_ROOT_CLASS = YES_ERROR;
				CLANG_WARN_QUOTED_INCLUDE_IN_FRAMEWORK_HEADER = YES;
				CLANG_WARN_RANGE_LOOP_ANALYSIS = YES;
				CLANG_WARN_STRICT_PROTOTYPES = YES;
				CLANG_WARN_SUSPICIOUS_MOVE = YES;
				CLANG_WARN_UNGUARDED_AVAILABILITY = YES_AGGRESSIVE;
				CLANG_WARN_UNREACHABLE_CODE = YES;
				CLANG_WARN__DUPLICATE_METHOD_MATCH = YES;
				COPY_PHASE_STRIP = NO;
				DEBUG_INFORMATION_FORMAT = dwarf;
				ENABLE_STRICT_OBJC_MSGSEND = YES;
				ENABLE_TESTABILITY = YES;
				ENABLE_USER_SCRIPT_SANDBOXING = NO;
				GCC_C_LANGUAGE_STANDARD = gnu17;
				GCC_DYNAMIC_NO_PIC = NO;
				GCC_NO_COMMON_BLOCKS = YES;
				GCC_OPTIMIZATION_LEVEL = 0;
				GCC_PREPROCESSOR_DEFINITIONS = (
					"DEBUG=1",
					"$(inherited)",
				);
				GCC_WARN_64_TO_32_BIT_CONVERSION = YES;
				GCC_WARN_ABOUT_RETURN_TYPE = YES_ERROR;
				GCC_WARN_UNDECLARED_SELECTOR = YES;
				GCC_WARN_UNINITIALIZED_AUTOS = YES_AGGRESSIVE;
				GCC_WARN_UNUSED_FUNCTION = YES;
				GCC_WARN_UNUSED_VARIABLE = YES;
				IPHONEOS_DEPLOYMENT_TARGET = 18.2;
				LOCALIZATION_PREFERS_STRING_CATALOGS = YES;
				MTL_ENABLE_DEBUG_INFO = INCLUDE_SOURCE;
				MTL_FAST_MATH = YES;
				ONLY_ACTIVE_ARCH = YES;
				SDKROOT = iphoneos;
				SWIFT_ACTIVE_COMPILATION_CONDITIONS = "DEBUG $(inherited)";
				SWIFT_OPTIMIZATION_LEVEL = "-Onone";
			};
			name = Debug;
		};
		1B4F93FD2E62BFE000486231 /* Release */ = {
			isa = XCBuildConfiguration;
			buildSettings = {
				ALWAYS_SEARCH_USER_PATHS = NO;
				ASSETCATALOG_COMPILER_GENERATE_SWIFT_ASSET_SYMBOL_EXTENSIONS = YES;
				CLANG_ANALYZER_NONNULL = YES;
				CLANG_ANALYZER_NUMBER_OBJECT_CONVERSION = YES_AGGRESSIVE;
				CLANG_CXX_LANGUAGE_STANDARD = "gnu++20";
				CLANG_ENABLE_MODULES = YES;
				CLANG_ENABLE_OBJC_ARC = YES;
				CLANG_ENABLE_OBJC_WEAK = YES;
				CLANG_WARN_BLOCK_CAPTURE_AUTORELEASING = YES;
				CLANG_WARN_BOOL_CONVERSION = YES;
				CLANG_WARN_COMMA = YES;
				CLANG_WARN_CONSTANT_CONVERSION = YES;
				CLANG_WARN_DEPRECATED_OBJC_IMPLEMENTATIONS = YES;
				CLANG_WARN_DIRECT_OBJC_ISA_USAGE = YES_ERROR;
				CLANG_WARN_DOCUMENTATION_COMMENTS = YES;
				CLANG_WARN_EMPTY_BODY = YES;
				CLANG_WARN_ENUM_CONVERSION = YES;
				CLANG_WARN_INFINITE_RECURSION = YES;
				CLANG_WARN_INT_CONVERSION = YES;
				CLANG_WARN_NON_LITERAL_NULL_CONVERSION = YES;
				CLANG_WARN_OBJC_IMPLICIT_RETAIN_SELF = YES;
				CLANG_WARN_OBJC_LITERAL_CONVERSION = YES;
				CLANG_WARN_OBJC_ROOT_CLASS = YES_ERROR;
				CLANG_WARN_QUOTED_INCLUDE_IN_FRAMEWORK_HEADER = YES;
				CLANG_WARN_RANGE_LOOP_ANALYSIS = YES;
				CLANG_WARN_STRICT_PROTOTYPES = YES;
				CLANG_WARN_SUSPICIOUS_MOVE = YES;
				CLANG_WARN_UNGUARDED_AVAILABILITY = YES_AGGRESSIVE;
				CLANG_WARN_UNREACHABLE_CODE = YES;
				CLANG_WARN__DUPLICATE_METHOD_MATCH = YES;
				COPY_PHASE_STRIP = NO;
				DEBUG_INFORMATION_FORMAT = "dwarf-with-dsym";
				ENABLE_NS_ASSERTIONS = NO;
				ENABLE_STRICT_OBJC_MSGSEND = YES;
				ENABLE_USER_SCRIPT_SANDBOXING = NO;
				GCC_C_LANGUAGE_STANDARD = gnu17;
				GCC_NO_COMMON_BLOCKS = YES;
				GCC_WARN_64_TO_32_BIT_CONVERSION = YES;
				GCC_WARN_ABOUT_RETURN_TYPE = YES_ERROR;
				GCC_WARN_UNDECLARED_SELECTOR = YES;
				GCC_WARN_UNINITIALIZED_AUTOS = YES_AGGRESSIVE;
				GCC_WARN_UNUSED_FUNCTION = YES;
				GCC_WARN_UNUSED_VARIABLE = YES;
				IPHONEOS_DEPLOYMENT_TARGET = 18.2;
				LOCALIZATION_PREFERS_STRING_CATALOGS = YES;
				MTL_ENABLE_DEBUG_INFO = NO;
				MTL_FAST_MATH = YES;
				SDKROOT = iphoneos;
				SWIFT_COMPILATION_MODE = wholemodule;
				VALIDATE_PRODUCT = YES;
			};
			name = Release;
		};
		1B4F93FF2E62BFE000486231 /* Debug */ = {
			isa = XCBuildConfiguration;
			baseConfigurationReference = E2667E0F68026224BBF3473A /* Pods-OrenoJikokuhyoTests.debug.xcconfig */;
			buildSettings = {
				BUNDLE_LOADER = "$(TEST_HOST)";
				CODE_SIGN_STYLE = Automatic;
				CURRENT_PROJECT_VERSION = 1;
				DEVELOPMENT_TEAM = 37XZGYD5RN;
				GENERATE_INFOPLIST_FILE = YES;
				IPHONEOS_DEPLOYMENT_TARGET = 18.2;
				MARKETING_VERSION = 1.0;
				PRODUCT_BUNDLE_IDENTIFIER = jp.techacademy.ynagaro.OrenoJikokuhyoTests;
				PRODUCT_NAME = "$(TARGET_NAME)";
				SWIFT_EMIT_LOC_STRINGS = NO;
				SWIFT_VERSION = 5.0;
				TARGETED_DEVICE_FAMILY = "1,2";
				TEST_HOST = "$(BUILT_PRODUCTS_DIR)/OrenoJikokuhyo.app/$(BUNDLE_EXECUTABLE_FOLDER_PATH)/OrenoJikokuhyo";
			};
			name = Debug;
		};
		1B4F94002E62BFE000486231 /* Release */ = {
			isa = XCBuildConfiguration;
			baseConfigurationReference = 58476A493796D0B49C257C76 /* Pods-OrenoJikokuhyoTests.release.xcconfig */;
			buildSettings = {
				BUNDLE_LOADER = "$(TEST_HOST)";
				CODE_SIGN_STYLE = Automatic;
				CURRENT_PROJECT_VERSION = 1;
				DEVELOPMENT_TEAM = 37XZGYD5RN;
				GENERATE_INFOPLIST_FILE = YES;
				IPHONEOS_DEPLOYMENT_TARGET = 18.2;
				MARKETING_VERSION = 1.0;
				PRODUCT_BUNDLE_IDENTIFIER = jp.techacademy.ynagaro.OrenoJikokuhyoTests;
				PRODUCT_NAME = "$(TARGET_NAME)";
				SWIFT_EMIT_LOC_STRINGS = NO;
				SWIFT_VERSION = 5.0;
				TARGETED_DEVICE_FAMILY = "1,2";
				TEST_HOST = "$(BUILT_PRODUCTS_DIR)/OrenoJikokuhyo.app/$(BUNDLE_EXECUTABLE_FOLDER_PATH)/OrenoJikokuhyo";
			};
			name = Release;
		};
		1B4F94022E62BFE000486231 /* Debug */ = {
			isa = XCBuildConfiguration;
			baseConfigurationReference = 0E88FB9F392EF7DDBA959D41 /* Pods-OrenoJikokuhyo-OrenoJikokuhyoUITests.debug.xcconfig */;
			buildSettings = {
				CODE_SIGN_STYLE = Automatic;
				CURRENT_PROJECT_VERSION = 1;
				DEVELOPMENT_TEAM = 37XZGYD5RN;
				GENERATE_INFOPLIST_FILE = YES;
				MARKETING_VERSION = 1.0;
				PRODUCT_BUNDLE_IDENTIFIER = jp.techacademy.ynagaro.OrenoJikokuhyoUITests;
				PRODUCT_NAME = "$(TARGET_NAME)";
				SWIFT_EMIT_LOC_STRINGS = NO;
				SWIFT_VERSION = 5.0;
				TARGETED_DEVICE_FAMILY = "1,2";
				TEST_TARGET_NAME = OrenoJikokuhyo;
			};
			name = Debug;
		};
		1B4F94032E62BFE000486231 /* Release */ = {
			isa = XCBuildConfiguration;
			baseConfigurationReference = EA7E5AF3B46E7A1BE480D818 /* Pods-OrenoJikokuhyo-OrenoJikokuhyoUITests.release.xcconfig */;
			buildSettings = {
				CODE_SIGN_STYLE = Automatic;
				CURRENT_PROJECT_VERSION = 1;
				DEVELOPMENT_TEAM = 37XZGYD5RN;
				GENERATE_INFOPLIST_FILE = YES;
				MARKETING_VERSION = 1.0;
				PRODUCT_BUNDLE_IDENTIFIER = jp.techacademy.ynagaro.OrenoJikokuhyoUITests;
				PRODUCT_NAME = "$(TARGET_NAME)";
				SWIFT_EMIT_LOC_STRINGS = NO;
				SWIFT_VERSION = 5.0;
				TARGETED_DEVICE_FAMILY = "1,2";
				TEST_TARGET_NAME = OrenoJikokuhyo;
			};
			name = Release;
		};
/* End XCBuildConfiguration section */

/* Begin XCConfigurationList section */
		1B4F93CB2E62BFDF00486231 /* Build configuration list for PBXProject "OrenoJikokuhyo" */ = {
			isa = XCConfigurationList;
			buildConfigurations = (
				1B4F93FC2E62BFE000486231 /* Debug */,
				1B4F93FD2E62BFE000486231 /* Release */,
			);
			defaultConfigurationIsVisible = 0;
			defaultConfigurationName = Release;
		};
		1B4F93F92E62BFE000486231 /* Build configuration list for PBXNativeTarget "OrenoJikokuhyo" */ = {
			isa = XCConfigurationList;
			buildConfigurations = (
				1B4F93FA2E62BFE000486231 /* Debug */,
				1B4F93FB2E62BFE000486231 /* Release */,
			);
			defaultConfigurationIsVisible = 0;
			defaultConfigurationName = Release;
		};
		1B4F93FE2E62BFE000486231 /* Build configuration list for PBXNativeTarget "OrenoJikokuhyoTests" */ = {
			isa = XCConfigurationList;
			buildConfigurations = (
				1B4F93FF2E62BFE000486231 /* Debug */,
				1B4F94002E62BFE000486231 /* Release */,
			);
			defaultConfigurationIsVisible = 0;
			defaultConfigurationName = Release;
		};
		1B4F94012E62BFE000486231 /* Build configuration list for PBXNativeTarget "OrenoJikokuhyoUITests" */ = {
			isa = XCConfigurationList;
			buildConfigurations = (
				1B4F94022E62BFE000486231 /* Debug */,
				1B4F94032E62BFE000486231 /* Release */,
			);
			defaultConfigurationIsVisible = 0;
			defaultConfigurationName = Release;
		};
/* End XCConfigurationList section */
	};
	rootObject = 1B4F93C82E62BFDF00486231 /* Project object */;
}
